// !$*UTF8*$!
{
	archiveVersion = 1;
	classes = {
	};
	objectVersion = 77;
	objects = {

/* Begin PBXBuildFile section */
		A31A5D102E7D8DCA005804EA /* FirebaseAnalytics in Frameworks */ = {isa = PBXBuildFile; productRef = A31A5D0F2E7D8DCA005804EA /* FirebaseAnalytics */; };
		A31A5D122E7D8DCA005804EA /* FirebaseAuth in Frameworks */ = {isa = PBXBuildFile; productRef = A31A5D112E7D8DCA005804EA /* FirebaseAuth */; };
		A31A5D142E7D8DCA005804EA /* FirebaseCore in Frameworks */ = {isa = PBXBuildFile; productRef = A31A5D132E7D8DCA005804EA /* FirebaseCore */; };
		A31A5D162E7D8DCA005804EA /* FirebaseDatabase in Frameworks */ = {isa = PBXBuildFile; productRef = A31A5D152E7D8DCA005804EA /* FirebaseDatabase */; };
		A31A5D182E7D8DCA005804EA /* FirebaseFirestore in Frameworks */ = {isa = PBXBuildFile; productRef = A31A5D172E7D8DCA005804EA /* FirebaseFirestore */; };
		A31A5D1A2E7D8DCA005804EA /* FirebaseFirestoreCombine-Community in Frameworks */ = {isa = PBXBuildFile; productRef = A31A5D192E7D8DCA005804EA /* FirebaseFirestoreCombine-Community */; };
		A31A5D1C2E7D8DCA005804EA /* FirebaseStorage in Frameworks */ = {isa = PBXBuildFile; productRef = A31A5D1B2E7D8DCA005804EA /* FirebaseStorage */; };
		A35066CE2EA6B57000767BDD /* SDWebImageSwiftUI in Frameworks */ = {isa = PBXBuildFile; productRef = A35066CD2EA6B57000767BDD /* SDWebImageSwiftUI */; };
/* End PBXBuildFile section */

/* Begin PBXContainerItemProxy section */
		A39668682EA4F10E00EA2144 /* PBXContainerItemProxy */ = {
			isa = PBXContainerItemProxy;
			containerPortal = A31A5CF62E7D897B005804EA /* Project object */;
			proxyType = 1;
			remoteGlobalIDString = A31A5CFD2E7D897B005804EA;
			remoteInfo = OPC_Chap14_Eventorias;
		};
/* End PBXContainerItemProxy section */

/* Begin PBXFileReference section */
		A31A5CFE2E7D897B005804EA /* OPC_Chap14_Eventorias.app */ = {isa = PBXFileReference; explicitFileType = wrapper.application; includeInIndex = 0; path = OPC_Chap14_Eventorias.app; sourceTree = BUILT_PRODUCTS_DIR; };
		A37FFFCC2EAFA887004D4D14 /* OPC_Chap14_Eventorias.xctestplan */ = {isa = PBXFileReference; lastKnownFileType = text; path = OPC_Chap14_Eventorias.xctestplan; sourceTree = "<group>"; };
		A39668642EA4F10E00EA2144 /* OPC_Chap14_EventoriasTests.xctest */ = {isa = PBXFileReference; explicitFileType = wrapper.cfbundle; includeInIndex = 0; path = OPC_Chap14_EventoriasTests.xctest; sourceTree = BUILT_PRODUCTS_DIR; };
/* End PBXFileReference section */

/* Begin PBXFileSystemSynchronizedRootGroup section */
		A31A5D002E7D897B005804EA /* OPC_Chap14_Eventorias */ = {
			isa = PBXFileSystemSynchronizedRootGroup;
			path = OPC_Chap14_Eventorias;
			sourceTree = "<group>";
		};
		A39668652EA4F10E00EA2144 /* OPC_Chap14_EventoriasTests */ = {
			isa = PBXFileSystemSynchronizedRootGroup;
			path = OPC_Chap14_EventoriasTests;
			sourceTree = "<group>";
		};
/* End PBXFileSystemSynchronizedRootGroup section */

/* Begin PBXFrameworksBuildPhase section */
		A31A5CFB2E7D897B005804EA /* Frameworks */ = {
			isa = PBXFrameworksBuildPhase;
			buildActionMask = 2147483647;
			files = (
				A31A5D102E7D8DCA005804EA /* FirebaseAnalytics in Frameworks */,
				A31A5D142E7D8DCA005804EA /* FirebaseCore in Frameworks */,
				A31A5D162E7D8DCA005804EA /* FirebaseDatabase in Frameworks */,
				A31A5D1A2E7D8DCA005804EA /* FirebaseFirestoreCombine-Community in Frameworks */,
				A35066CE2EA6B57000767BDD /* SDWebImageSwiftUI in Frameworks */,
				A31A5D1C2E7D8DCA005804EA /* FirebaseStorage in Frameworks */,
				A31A5D182E7D8DCA005804EA /* FirebaseFirestore in Frameworks */,
				A31A5D122E7D8DCA005804EA /* FirebaseAuth in Frameworks */,
			);
			runOnlyForDeploymentPostprocessing = 0;
		};
		A39668612EA4F10E00EA2144 /* Frameworks */ = {
			isa = PBXFrameworksBuildPhase;
			buildActionMask = 2147483647;
			files = (
			);
			runOnlyForDeploymentPostprocessing = 0;
		};
/* End PBXFrameworksBuildPhase section */

/* Begin PBXGroup section */
		A31A5CF52E7D897B005804EA = {
			isa = PBXGroup;
			children = (
				A37FFFCC2EAFA887004D4D14 /* OPC_Chap14_Eventorias.xctestplan */,
				A31A5D002E7D897B005804EA /* OPC_Chap14_Eventorias */,
				A39668652EA4F10E00EA2144 /* OPC_Chap14_EventoriasTests */,
				A31A5CFF2E7D897B005804EA /* Products */,
			);
			sourceTree = "<group>";
		};
		A31A5CFF2E7D897B005804EA /* Products */ = {
			isa = PBXGroup;
			children = (
				A31A5CFE2E7D897B005804EA /* OPC_Chap14_Eventorias.app */,
				A39668642EA4F10E00EA2144 /* OPC_Chap14_EventoriasTests.xctest */,
			);
			name = Products;
			sourceTree = "<group>";
		};
/* End PBXGroup section */

/* Begin PBXNativeTarget section */
		A31A5CFD2E7D897B005804EA /* OPC_Chap14_Eventorias */ = {
			isa = PBXNativeTarget;
			buildConfigurationList = A31A5D092E7D897D005804EA /* Build configuration list for PBXNativeTarget "OPC_Chap14_Eventorias" */;
			buildPhases = (
				A31A5CFA2E7D897B005804EA /* Sources */,
				A31A5CFB2E7D897B005804EA /* Frameworks */,
				A31A5CFC2E7D897B005804EA /* Resources */,
			);
			buildRules = (
			);
			dependencies = (
			);
			fileSystemSynchronizedGroups = (
				A31A5D002E7D897B005804EA /* OPC_Chap14_Eventorias */,
			);
			name = OPC_Chap14_Eventorias;
			packageProductDependencies = (
				A31A5D0F2E7D8DCA005804EA /* FirebaseAnalytics */,
				A31A5D112E7D8DCA005804EA /* FirebaseAuth */,
				A31A5D132E7D8DCA005804EA /* FirebaseCore */,
				A31A5D152E7D8DCA005804EA /* FirebaseDatabase */,
				A31A5D172E7D8DCA005804EA /* FirebaseFirestore */,
				A31A5D192E7D8DCA005804EA /* FirebaseFirestoreCombine-Community */,
				A31A5D1B2E7D8DCA005804EA /* FirebaseStorage */,
				A35066CD2EA6B57000767BDD /* SDWebImageSwiftUI */,
			);
			productName = OPC_Chap14_Eventorias;
			productReference = A31A5CFE2E7D897B005804EA /* OPC_Chap14_Eventorias.app */;
			productType = "com.apple.product-type.application";
		};
		A39668632EA4F10E00EA2144 /* OPC_Chap14_EventoriasTests */ = {
			isa = PBXNativeTarget;
			buildConfigurationList = A396686A2EA4F10E00EA2144 /* Build configuration list for PBXNativeTarget "OPC_Chap14_EventoriasTests" */;
			buildPhases = (
				A39668602EA4F10E00EA2144 /* Sources */,
				A39668612EA4F10E00EA2144 /* Frameworks */,
				A39668622EA4F10E00EA2144 /* Resources */,
			);
			buildRules = (
			);
			dependencies = (
				A39668692EA4F10E00EA2144 /* PBXTargetDependency */,
			);
			fileSystemSynchronizedGroups = (
				A39668652EA4F10E00EA2144 /* OPC_Chap14_EventoriasTests */,
			);
			name = OPC_Chap14_EventoriasTests;
			packageProductDependencies = (
			);
			productName = OPC_Chap14_EventoriasTests;
			productReference = A39668642EA4F10E00EA2144 /* OPC_Chap14_EventoriasTests.xctest */;
			productType = "com.apple.product-type.bundle.unit-test";
		};
/* End PBXNativeTarget section */

/* Begin PBXProject section */
		A31A5CF62E7D897B005804EA /* Project object */ = {
			isa = PBXProject;
			attributes = {
				BuildIndependentTargetsInParallel = 1;
				LastSwiftUpdateCheck = 2600;
				LastUpgradeCheck = 2600;
				TargetAttributes = {
					A31A5CFD2E7D897B005804EA = {
						CreatedOnToolsVersion = 26.0;
					};
					A39668632EA4F10E00EA2144 = {
						CreatedOnToolsVersion = 26.0.1;
						TestTargetID = A31A5CFD2E7D897B005804EA;
					};
				};
			};
			buildConfigurationList = A31A5CF92E7D897B005804EA /* Build configuration list for PBXProject "OPC_Chap14_Eventorias" */;
			developmentRegion = en;
			hasScannedForEncodings = 0;
			knownRegions = (
				en,
				Base,
			);
			mainGroup = A31A5CF52E7D897B005804EA;
			minimizedProjectReferenceProxies = 1;
			packageReferences = (
				A31A5D0E2E7D8DCA005804EA /* XCRemoteSwiftPackageReference "firebase-ios-sdk" */,
				A35066CC2EA6B57000767BDD /* XCRemoteSwiftPackageReference "SDWebImageSwiftUI" */,
			);
			preferredProjectObjectVersion = 77;
			productRefGroup = A31A5CFF2E7D897B005804EA /* Products */;
			projectDirPath = "";
			projectRoot = "";
			targets = (
				A31A5CFD2E7D897B005804EA /* OPC_Chap14_Eventorias */,
				A39668632EA4F10E00EA2144 /* OPC_Chap14_EventoriasTests */,
			);
		};
/* End PBXProject section */

/* Begin PBXResourcesBuildPhase section */
		A31A5CFC2E7D897B005804EA /* Resources */ = {
			isa = PBXResourcesBuildPhase;
			buildActionMask = 2147483647;
			files = (
			);
			runOnlyForDeploymentPostprocessing = 0;
		};
		A39668622EA4F10E00EA2144 /* Resources */ = {
			isa = PBXResourcesBuildPhase;
			buildActionMask = 2147483647;
			files = (
			);
			runOnlyForDeploymentPostprocessing = 0;
		};
/* End PBXResourcesBuildPhase section */

/* Begin PBXSourcesBuildPhase section */
		A31A5CFA2E7D897B005804EA /* Sources */ = {
			isa = PBXSourcesBuildPhase;
			buildActionMask = 2147483647;
			files = (
			);
			runOnlyForDeploymentPostprocessing = 0;
		};
		A39668602EA4F10E00EA2144 /* Sources */ = {
			isa = PBXSourcesBuildPhase;
			buildActionMask = 2147483647;
			files = (
			);
			runOnlyForDeploymentPostprocessing = 0;
		};
/* End PBXSourcesBuildPhase section */

/* Begin PBXTargetDependency section */
		A39668692EA4F10E00EA2144 /* PBXTargetDependency */ = {
			isa = PBXTargetDependency;
			target = A31A5CFD2E7D897B005804EA /* OPC_Chap14_Eventorias */;
			targetProxy = A39668682EA4F10E00EA2144 /* PBXContainerItemProxy */;
		};
/* End PBXTargetDependency section */

/* Begin XCBuildConfiguration section */
		A31A5D072E7D897D005804EA /* Debug */ = {
			isa = XCBuildConfiguration;
			buildSettings = {
				ALWAYS_SEARCH_USER_PATHS = NO;
				ASSETCATALOG_COMPILER_GENERATE_SWIFT_ASSET_SYMBOL_EXTENSIONS = YES;
				CLANG_ANALYZER_NONNULL = YES;
				CLANG_ANALYZER_NUMBER_OBJECT_CONVERSION = YES_AGGRESSIVE;
				CLANG_CXX_LANGUAGE_STANDARD = "gnu++20";
				CLANG_ENABLE_MODULES = YES;
				CLANG_ENABLE_OBJC_ARC = YES;
				CLANG_ENABLE_OBJC_WEAK = YES;
				CLANG_WARN_BLOCK_CAPTURE_AUTORELEASING = YES;
				CLANG_WARN_BOOL_CONVERSION = YES;
				CLANG_WARN_COMMA = YES;
				CLANG_WARN_CONSTANT_CONVERSION = YES;
				CLANG_WARN_DEPRECATED_OBJC_IMPLEMENTATIONS = YES;
				CLANG_WARN_DIRECT_OBJC_ISA_USAGE = YES_ERROR;
				CLANG_WARN_DOCUMENTATION_COMMENTS = YES;
				CLANG_WARN_EMPTY_BODY = YES;
				CLANG_WARN_ENUM_CONVERSION = YES;
				CLANG_WARN_INFINITE_RECURSION = YES;
				CLANG_WARN_INT_CONVERSION = YES;
				CLANG_WARN_NON_LITERAL_NULL_CONVERSION = YES;
				CLANG_WARN_OBJC_IMPLICIT_RETAIN_SELF = YES;
				CLANG_WARN_OBJC_LITERAL_CONVERSION = YES;
				CLANG_WARN_OBJC_ROOT_CLASS = YES_ERROR;
				CLANG_WARN_QUOTED_INCLUDE_IN_FRAMEWORK_HEADER = YES;
				CLANG_WARN_RANGE_LOOP_ANALYSIS = YES;
				CLANG_WARN_STRICT_PROTOTYPES = YES;
				CLANG_WARN_SUSPICIOUS_MOVE = YES;
				CLANG_WARN_UNGUARDED_AVAILABILITY = YES_AGGRESSIVE;
				CLANG_WARN_UNREACHABLE_CODE = YES;
				CLANG_WARN__DUPLICATE_METHOD_MATCH = YES;
				COPY_PHASE_STRIP = NO;
				DEBUG_INFORMATION_FORMAT = dwarf;
				DEVELOPMENT_TEAM = WA9JQ35WLM;
				ENABLE_STRICT_OBJC_MSGSEND = YES;
				ENABLE_TESTABILITY = YES;
				ENABLE_USER_SCRIPT_SANDBOXING = YES;
				GCC_C_LANGUAGE_STANDARD = gnu17;
				GCC_DYNAMIC_NO_PIC = NO;
				GCC_NO_COMMON_BLOCKS = YES;
				GCC_OPTIMIZATION_LEVEL = 0;
				GCC_PREPROCESSOR_DEFINITIONS = (
					"DEBUG=1",
					"$(inherited)",
				);
				GCC_WARN_64_TO_32_BIT_CONVERSION = YES;
				GCC_WARN_ABOUT_RETURN_TYPE = YES_ERROR;
				GCC_WARN_UNDECLARED_SELECTOR = YES;
				GCC_WARN_UNINITIALIZED_AUTOS = YES_AGGRESSIVE;
				GCC_WARN_UNUSED_FUNCTION = YES;
				GCC_WARN_UNUSED_VARIABLE = YES;
				IPHONEOS_DEPLOYMENT_TARGET = 26.0;
				LOCALIZATION_PREFERS_STRING_CATALOGS = YES;
				MTL_ENABLE_DEBUG_INFO = INCLUDE_SOURCE;
				MTL_FAST_MATH = YES;
				ONLY_ACTIVE_ARCH = YES;
				SDKROOT = iphoneos;
				SWIFT_ACTIVE_COMPILATION_CONDITIONS = "DEBUG $(inherited)";
				SWIFT_OPTIMIZATION_LEVEL = "-Onone";
			};
			name = Debug;
		};
		A31A5D082E7D897D005804EA /* Release */ = {
			isa = XCBuildConfiguration;
			buildSettings = {
				ALWAYS_SEARCH_USER_PATHS = NO;
				ASSETCATALOG_COMPILER_GENERATE_SWIFT_ASSET_SYMBOL_EXTENSIONS = YES;
				CLANG_ANALYZER_NONNULL = YES;
				CLANG_ANALYZER_NUMBER_OBJECT_CONVERSION = YES_AGGRESSIVE;
				CLANG_CXX_LANGUAGE_STANDARD = "gnu++20";
				CLANG_ENABLE_MODULES = YES;
				CLANG_ENABLE_OBJC_ARC = YES;
				CLANG_ENABLE_OBJC_WEAK = YES;
				CLANG_WARN_BLOCK_CAPTURE_AUTORELEASING = YES;
				CLANG_WARN_BOOL_CONVERSION = YES;
				CLANG_WARN_COMMA = YES;
				CLANG_WARN_CONSTANT_CONVERSION = YES;
				CLANG_WARN_DEPRECATED_OBJC_IMPLEMENTATIONS = YES;
				CLANG_WARN_DIRECT_OBJC_ISA_USAGE = YES_ERROR;
				CLANG_WARN_DOCUMENTATION_COMMENTS = YES;
				CLANG_WARN_EMPTY_BODY = YES;
				CLANG_WARN_ENUM_CONVERSION = YES;
				CLANG_WARN_INFINITE_RECURSION = YES;
				CLANG_WARN_INT_CONVERSION = YES;
				CLANG_WARN_NON_LITERAL_NULL_CONVERSION = YES;
				CLANG_WARN_OBJC_IMPLICIT_RETAIN_SELF = YES;
				CLANG_WARN_OBJC_LITERAL_CONVERSION = YES;
				CLANG_WARN_OBJC_ROOT_CLASS = YES_ERROR;
				CLANG_WARN_QUOTED_INCLUDE_IN_FRAMEWORK_HEADER = YES;
				CLANG_WARN_RANGE_LOOP_ANALYSIS = YES;
				CLANG_WARN_STRICT_PROTOTYPES = YES;
				CLANG_WARN_SUSPICIOUS_MOVE = YES;
				CLANG_WARN_UNGUARDED_AVAILABILITY = YES_AGGRESSIVE;
				CLANG_WARN_UNREACHABLE_CODE = YES;
				CLANG_WARN__DUPLICATE_METHOD_MATCH = YES;
				COPY_PHASE_STRIP = NO;
				DEBUG_INFORMATION_FORMAT = "dwarf-with-dsym";
				DEVELOPMENT_TEAM = WA9JQ35WLM;
				ENABLE_NS_ASSERTIONS = NO;
				ENABLE_STRICT_OBJC_MSGSEND = YES;
				ENABLE_USER_SCRIPT_SANDBOXING = YES;
				GCC_C_LANGUAGE_STANDARD = gnu17;
				GCC_NO_COMMON_BLOCKS = YES;
				GCC_WARN_64_TO_32_BIT_CONVERSION = YES;
				GCC_WARN_ABOUT_RETURN_TYPE = YES_ERROR;
				GCC_WARN_UNDECLARED_SELECTOR = YES;
				GCC_WARN_UNINITIALIZED_AUTOS = YES_AGGRESSIVE;
				GCC_WARN_UNUSED_FUNCTION = YES;
				GCC_WARN_UNUSED_VARIABLE = YES;
				IPHONEOS_DEPLOYMENT_TARGET = 26.0;
				LOCALIZATION_PREFERS_STRING_CATALOGS = YES;
				MTL_ENABLE_DEBUG_INFO = NO;
				MTL_FAST_MATH = YES;
				SDKROOT = iphoneos;
				SWIFT_COMPILATION_MODE = wholemodule;
				VALIDATE_PRODUCT = YES;
			};
			name = Release;
		};
		A31A5D0A2E7D897D005804EA /* Debug */ = {
			isa = XCBuildConfiguration;
			buildSettings = {
				ASSETCATALOG_COMPILER_APPICON_NAME = AppIcon;
				ASSETCATALOG_COMPILER_GLOBAL_ACCENT_COLOR_NAME = AccentColor;
				CODE_SIGN_STYLE = Automatic;
				CURRENT_PROJECT_VERSION = 1;
				DEVELOPMENT_TEAM = WA9JQ35WLM;
				ENABLE_PREVIEWS = YES;
				GENERATE_INFOPLIST_FILE = YES;
				INFOPLIST_FILE = "OPC-Chap14-Eventorias-Info.plist";
				INFOPLIST_KEY_NSCameraUsageDescription = "We need to access to your device's camera";
				INFOPLIST_KEY_UIApplicationSceneManifest_Generation = YES;
				INFOPLIST_KEY_UIApplicationSupportsIndirectInputEvents = YES;
				INFOPLIST_KEY_UILaunchScreen_Generation = YES;
				INFOPLIST_KEY_UISupportedInterfaceOrientations_iPad = "UIInterfaceOrientationPortrait UIInterfaceOrientationPortraitUpsideDown UIInterfaceOrientationLandscapeLeft UIInterfaceOrientationLandscapeRight";
				INFOPLIST_KEY_UISupportedInterfaceOrientations_iPhone = "UIInterfaceOrientationPortrait UIInterfaceOrientationLandscapeLeft UIInterfaceOrientationLandscapeRight";
				LD_RUNPATH_SEARCH_PATHS = (
					"$(inherited)",
					"@executable_path/Frameworks",
				);
				MARKETING_VERSION = 1.0;
				PRODUCT_BUNDLE_IDENTIFIER = "hboApp.OPC-Chap14-Eventorias";
				PRODUCT_NAME = "$(TARGET_NAME)";
				STRING_CATALOG_GENERATE_SYMBOLS = YES;
				SWIFT_APPROACHABLE_CONCURRENCY = YES;
				SWIFT_DEFAULT_ACTOR_ISOLATION = MainActor;
				SWIFT_EMIT_LOC_STRINGS = YES;
				SWIFT_UPCOMING_FEATURE_MEMBER_IMPORT_VISIBILITY = YES;
				SWIFT_VERSION = 5.0;
				TARGETED_DEVICE_FAMILY = "1,2";
			};
			name = Debug;
		};
		A31A5D0B2E7D897D005804EA /* Release */ = {
			isa = XCBuildConfiguration;
			buildSettings = {
				ASSETCATALOG_COMPILER_APPICON_NAME = AppIcon;
				ASSETCATALOG_COMPILER_GLOBAL_ACCENT_COLOR_NAME = AccentColor;
				CODE_SIGN_STYLE = Automatic;
				CURRENT_PROJECT_VERSION = 1;
				DEVELOPMENT_TEAM = WA9JQ35WLM;
				ENABLE_PREVIEWS = YES;
				GENERATE_INFOPLIST_FILE = YES;
				INFOPLIST_FILE = "OPC-Chap14-Eventorias-Info.plist";
				INFOPLIST_KEY_NSCameraUsageDescription = "We need to access to your device's camera";
				INFOPLIST_KEY_UIApplicationSceneManifest_Generation = YES;
				INFOPLIST_KEY_UIApplicationSupportsIndirectInputEvents = YES;
				INFOPLIST_KEY_UILaunchScreen_Generation = YES;
				INFOPLIST_KEY_UISupportedInterfaceOrientations_iPad = "UIInterfaceOrientationPortrait UIInterfaceOrientationPortraitUpsideDown UIInterfaceOrientationLandscapeLeft UIInterfaceOrientationLandscapeRight";
				INFOPLIST_KEY_UISupportedInterfaceOrientations_iPhone = "UIInterfaceOrientationPortrait UIInterfaceOrientationLandscapeLeft UIInterfaceOrientationLandscapeRight";
				LD_RUNPATH_SEARCH_PATHS = (
					"$(inherited)",
					"@executable_path/Frameworks",
				);
				MARKETING_VERSION = 1.0;
				PRODUCT_BUNDLE_IDENTIFIER = "hboApp.OPC-Chap14-Eventorias";
				PRODUCT_NAME = "$(TARGET_NAME)";
				STRING_CATALOG_GENERATE_SYMBOLS = YES;
				SWIFT_APPROACHABLE_CONCURRENCY = YES;
				SWIFT_DEFAULT_ACTOR_ISOLATION = MainActor;
				SWIFT_EMIT_LOC_STRINGS = YES;
				SWIFT_UPCOMING_FEATURE_MEMBER_IMPORT_VISIBILITY = YES;
				SWIFT_VERSION = 5.0;
				TARGETED_DEVICE_FAMILY = "1,2";
			};
			name = Release;
		};
		A396686B2EA4F10E00EA2144 /* Debug */ = {
			isa = XCBuildConfiguration;
			buildSettings = {
				BUNDLE_LOADER = "$(TEST_HOST)";
				CODE_SIGN_STYLE = Automatic;
				CURRENT_PROJECT_VERSION = 1;
				DEVELOPMENT_TEAM = WA9JQ35WLM;
				GENERATE_INFOPLIST_FILE = YES;
				MARKETING_VERSION = 1.0;
				PRODUCT_BUNDLE_IDENTIFIER = "hboApp.OPC-Chap14-EventoriasTests";
				PRODUCT_NAME = "$(TARGET_NAME)";
				STRING_CATALOG_GENERATE_SYMBOLS = NO;
				SWIFT_APPROACHABLE_CONCURRENCY = YES;
				SWIFT_EMIT_LOC_STRINGS = NO;
				SWIFT_UPCOMING_FEATURE_MEMBER_IMPORT_VISIBILITY = YES;
				SWIFT_VERSION = 5.0;
				TARGETED_DEVICE_FAMILY = "1,2";
				TEST_HOST = "$(BUILT_PRODUCTS_DIR)/OPC_Chap14_Eventorias.app/$(BUNDLE_EXECUTABLE_FOLDER_PATH)/OPC_Chap14_Eventorias";
			};
			name = Debug;
		};
		A396686C2EA4F10E00EA2144 /* Release */ = {
			isa = XCBuildConfiguration;
			buildSettings = {
				BUNDLE_LOADER = "$(TEST_HOST)";
				CODE_SIGN_STYLE = Automatic;
				CURRENT_PROJECT_VERSION = 1;
				DEVELOPMENT_TEAM = WA9JQ35WLM;
				GENERATE_INFOPLIST_FILE = YES;
				MARKETING_VERSION = 1.0;
				PRODUCT_BUNDLE_IDENTIFIER = "hboApp.OPC-Chap14-EventoriasTests";
				PRODUCT_NAME = "$(TARGET_NAME)";
				STRING_CATALOG_GENERATE_SYMBOLS = NO;
				SWIFT_APPROACHABLE_CONCURRENCY = YES;
				SWIFT_EMIT_LOC_STRINGS = NO;
				SWIFT_UPCOMING_FEATURE_MEMBER_IMPORT_VISIBILITY = YES;
				SWIFT_VERSION = 5.0;
				TARGETED_DEVICE_FAMILY = "1,2";
				TEST_HOST = "$(BUILT_PRODUCTS_DIR)/OPC_Chap14_Eventorias.app/$(BUNDLE_EXECUTABLE_FOLDER_PATH)/OPC_Chap14_Eventorias";
			};
			name = Release;
		};
/* End XCBuildConfiguration section */

/* Begin XCConfigurationList section */
		A31A5CF92E7D897B005804EA /* Build configuration list for PBXProject "OPC_Chap14_Eventorias" */ = {
			isa = XCConfigurationList;
			buildConfigurations = (
				A31A5D072E7D897D005804EA /* Debug */,
				A31A5D082E7D897D005804EA /* Release */,
			);
			defaultConfigurationIsVisible = 0;
			defaultConfigurationName = Release;
		};
		A31A5D092E7D897D005804EA /* Build configuration list for PBXNativeTarget "OPC_Chap14_Eventorias" */ = {
			isa = XCConfigurationList;
			buildConfigurations = (
				A31A5D0A2E7D897D005804EA /* Debug */,
				A31A5D0B2E7D897D005804EA /* Release */,
			);
			defaultConfigurationIsVisible = 0;
			defaultConfigurationName = Release;
		};
		A396686A2EA4F10E00EA2144 /* Build configuration list for PBXNativeTarget "OPC_Chap14_EventoriasTests" */ = {
			isa = XCConfigurationList;
			buildConfigurations = (
				A396686B2EA4F10E00EA2144 /* Debug */,
				A396686C2EA4F10E00EA2144 /* Release */,
			);
			defaultConfigurationIsVisible = 0;
			defaultConfigurationName = Release;
		};
/* End XCConfigurationList section */

/* Begin XCRemoteSwiftPackageReference section */
		A31A5D0E2E7D8DCA005804EA /* XCRemoteSwiftPackageReference "firebase-ios-sdk" */ = {
			isa = XCRemoteSwiftPackageReference;
			repositoryURL = "https://github.com/firebase/firebase-ios-sdk";
			requirement = {
				kind = upToNextMajorVersion;
				minimumVersion = 12.3.0;
			};
		};
		A35066CC2EA6B57000767BDD /* XCRemoteSwiftPackageReference "SDWebImageSwiftUI" */ = {
			isa = XCRemoteSwiftPackageReference;
			repositoryURL = "https://github.com/SDWebImage/SDWebImageSwiftUI";
			requirement = {
				kind = upToNextMajorVersion;
				minimumVersion = 3.1.3;
			};
		};
/* End XCRemoteSwiftPackageReference section */

/* Begin XCSwiftPackageProductDependency section */
		A31A5D0F2E7D8DCA005804EA /* FirebaseAnalytics */ = {
			isa = XCSwiftPackageProductDependency;
			package = A31A5D0E2E7D8DCA005804EA /* XCRemoteSwiftPackageReference "firebase-ios-sdk" */;
			productName = FirebaseAnalytics;
		};
		A31A5D112E7D8DCA005804EA /* FirebaseAuth */ = {
			isa = XCSwiftPackageProductDependency;
			package = A31A5D0E2E7D8DCA005804EA /* XCRemoteSwiftPackageReference "firebase-ios-sdk" */;
			productName = FirebaseAuth;
		};
		A31A5D132E7D8DCA005804EA /* FirebaseCore */ = {
			isa = XCSwiftPackageProductDependency;
			package = A31A5D0E2E7D8DCA005804EA /* XCRemoteSwiftPackageReference "firebase-ios-sdk" */;
			productName = FirebaseCore;
		};
		A31A5D152E7D8DCA005804EA /* FirebaseDatabase */ = {
			isa = XCSwiftPackageProductDependency;
			package = A31A5D0E2E7D8DCA005804EA /* XCRemoteSwiftPackageReference "firebase-ios-sdk" */;
			productName = FirebaseDatabase;
		};
		A31A5D172E7D8DCA005804EA /* FirebaseFirestore */ = {
			isa = XCSwiftPackageProductDependency;
			package = A31A5D0E2E7D8DCA005804EA /* XCRemoteSwiftPackageReference "firebase-ios-sdk" */;
			productName = FirebaseFirestore;
		};
		A31A5D192E7D8DCA005804EA /* FirebaseFirestoreCombine-Community */ = {
			isa = XCSwiftPackageProductDependency;
			package = A31A5D0E2E7D8DCA005804EA /* XCRemoteSwiftPackageReference "firebase-ios-sdk" */;
			productName = "FirebaseFirestoreCombine-Community";
		};
		A31A5D1B2E7D8DCA005804EA /* FirebaseStorage */ = {
			isa = XCSwiftPackageProductDependency;
			package = A31A5D0E2E7D8DCA005804EA /* XCRemoteSwiftPackageReference "firebase-ios-sdk" */;
			productName = FirebaseStorage;
		};
		A35066CD2EA6B57000767BDD /* SDWebImageSwiftUI */ = {
			isa = XCSwiftPackageProductDependency;
			package = A35066CC2EA6B57000767BDD /* XCRemoteSwiftPackageReference "SDWebImageSwiftUI" */;
			productName = SDWebImageSwiftUI;
		};
/* End XCSwiftPackageProductDependency section */
	};
	rootObject = A31A5CF62E7D897B005804EA /* Project object */;
}
